
Microsoft Visual Studio Solution File, Format Version 12.00
# Visual Studio Version 17
VisualStudioVersion = 17.7.34221.43
MinimumVisualStudioVersion = 10.0.40219.1
Project("{FAE04EC0-301F-11D3-BF4B-00C04F79EFBC}") = "Lesson_1_WPF", "Lesson_1_WPF\Lesson_1_WPF.csproj", "{8673D352-0066-43EB-AA1A-40A72ACFC420}"
EndProject
Global
	GlobalSection(SolutionConfigurationPlatforms) = preSolution
		Debug|Any CPU = Debug|Any CPU
		Release|Any CPU = Release|Any CPU
	EndGlobalSection
	GlobalSection(ProjectConfigurationPlatforms) = postSolution
		{8673D352-0066-43EB-AA1A-40A72ACFC420}.Debug|Any CPU.ActiveCfg = Debug|Any CPU
		{8673D352-0066-43EB-AA1A-40A72ACFC420}.Debug|Any CPU.Build.0 = Debug|Any CPU
		{8673D352-0066-43EB-AA1A-40A72ACFC420}.Release|Any CPU.ActiveCfg = Release|Any CPU
		{8673D352-0066-43EB-AA1A-40A72ACFC420}.Release|Any CPU.Build.0 = Release|Any CPU
	EndGlobalSection
	GlobalSection(SolutionProperties) = preSolution
		HideSolutionNode = FALSE
	EndGlobalSection
	GlobalSection(ExtensibilityGlobals) = postSolution
		SolutionGuid = {42705B25-5BFA-4EC5-92C7-6FFD1503EC8D}
	EndGlobalSection
EndGlobal
